
Microsoft Visual Studio Solution File, Format Version 12.00
# Visual Studio 2012
Project("{FAE04EC0-301F-11D3-BF4B-00C04F79EFBC}") = "AppMobiCloudServiceExtension", "AppMobiCloudServiceExtension\AppMobiCloudServiceExtension.csproj", "{43846DCD-1E5B-4591-9037-5B0697DF4498}"
EndProject
Project("{FAE04EC0-301F-11D3-BF4B-00C04F79EFBC}") = "AppMobiCloudServiceExtension_IntegrationTests", "AppMobiCloudServiceExtension\AppMobiCloudServiceExtension_IntegrationTests\AppMobiCloudServiceExtension_IntegrationTests.csproj", "{02AE11F0-8932-4FC0-A1B4-60702D92090C}"
EndProject
Project("{2150E333-8FDC-42A3-9474-1A3956D46DE8}") = "Solution Items", "Solution Items", "{03FC0C04-E316-463B-8B32-1B9EAEC070A8}"
	ProjectSection(SolutionItems) = preProject
		IntegrationTests.testsettings = IntegrationTests.testsettings
		UnitTests.testsettings = UnitTests.testsettings
	EndProjectSection
EndProject
Project("{FAE04EC0-301F-11D3-BF4B-00C04F79EFBC}") = "AppMobiCloudServiceExtension_UnitTests", "AppMobiCloudServiceExtension\AppMobiCloudServiceExtension_UnitTests\AppMobiCloudServiceExtension_UnitTests.csproj", "{4D68798C-2F08-45AF-A989-01FEA882C229}"
EndProject
Global
	GlobalSection(SolutionConfigurationPlatforms) = preSolution
		Debug|Any CPU = Debug|Any CPU
		Release|Any CPU = Release|Any CPU
	EndGlobalSection
	GlobalSection(ProjectConfigurationPlatforms) = postSolution
		{43846DCD-1E5B-4591-9037-5B0697DF4498}.Debug|Any CPU.ActiveCfg = Debug|Any CPU
		{43846DCD-1E5B-4591-9037-5B0697DF4498}.Debug|Any CPU.Build.0 = Debug|Any CPU
		{43846DCD-1E5B-4591-9037-5B0697DF4498}.Release|Any CPU.ActiveCfg = Release|Any CPU
		{43846DCD-1E5B-4591-9037-5B0697DF4498}.Release|Any CPU.Build.0 = Release|Any CPU
		{02AE11F0-8932-4FC0-A1B4-60702D92090C}.Debug|Any CPU.ActiveCfg = Debug|Any CPU
		{02AE11F0-8932-4FC0-A1B4-60702D92090C}.Debug|Any CPU.Build.0 = Debug|Any CPU
		{02AE11F0-8932-4FC0-A1B4-60702D92090C}.Release|Any CPU.ActiveCfg = Release|Any CPU
		{02AE11F0-8932-4FC0-A1B4-60702D92090C}.Release|Any CPU.Build.0 = Release|Any CPU
		{4D68798C-2F08-45AF-A989-01FEA882C229}.Debug|Any CPU.ActiveCfg = Debug|Any CPU
		{4D68798C-2F08-45AF-A989-01FEA882C229}.Debug|Any CPU.Build.0 = Debug|Any CPU
		{4D68798C-2F08-45AF-A989-01FEA882C229}.Release|Any CPU.ActiveCfg = Release|Any CPU
		{4D68798C-2F08-45AF-A989-01FEA882C229}.Release|Any CPU.Build.0 = Release|Any CPU
	EndGlobalSection
	GlobalSection(SolutionProperties) = preSolution
		HideSolutionNode = FALSE
	EndGlobalSection
EndGlobal
